// !$*UTF8*$!
{
	archiveVersion = 1;
	classes = {
	};
	objectVersion = 45;
	objects = {

/* Begin PBXBuildFile section */
		1D3623260D0F684500981E51 /* KazdoorAppDelegate.m in Sources */ = {isa = PBXBuildFile; fileRef = 1D3623250D0F684500981E51 /* KazdoorAppDelegate.m */; };
		1D60589B0D05DD56006BFB54 /* main.m in Sources */ = {isa = PBXBuildFile; fileRef = 29B97316FDCFA39411CA2CEA /* main.m */; };
		1D60589F0D05DD5A006BFB54 /* Foundation.framework in Frameworks */ = {isa = PBXBuildFile; fileRef = 1D30AB110D05D00D00671497 /* Foundation.framework */; };
		1DF5F4E00D08C38300B7A737 /* UIKit.framework in Frameworks */ = {isa = PBXBuildFile; fileRef = 1DF5F4DF0D08C38300B7A737 /* UIKit.framework */; };
		2505027612B564A200D69893 /* splash.png in Resources */ = {isa = PBXBuildFile; fileRef = 2505027512B564A200D69893 /* splash.png */; };
		250C509112BAC38A00C4A0C9 /* KZPlace.m in Sources */ = {isa = PBXBuildFile; fileRef = 250C509012BAC38A00C4A0C9 /* KZPlace.m */; };
		250C50FC12BACAD200C4A0C9 /* KZPlaceView.xib in Resources */ = {isa = PBXBuildFile; fileRef = 250C50FB12BACAD200C4A0C9 /* KZPlaceView.xib */; };
		250C51E512BAE18700C4A0C9 /* KZReward.m in Sources */ = {isa = PBXBuildFile; fileRef = 250C51E412BAE18700C4A0C9 /* KZReward.m */; };
		251EAB5112B5380000CAD877 /* KZPlacesViewController.m in Sources */ = {isa = PBXBuildFile; fileRef = 251EAB4F12B5380000CAD877 /* KZPlacesViewController.m */; };
		251EAB5212B5380000CAD877 /* KZPlacesView.xib in Resources */ = {isa = PBXBuildFile; fileRef = 251EAB5012B5380000CAD877 /* KZPlacesView.xib */; };
		253003311312167D00EAC635 /* libZXingWidget.a in Frameworks */ = {isa = PBXBuildFile; fileRef = 253003111312153500EAC635 /* libZXingWidget.a */; };
		257E83DD12BABDE200D45F17 /* KZPlaceViewController.mm in Sources */ = {isa = PBXBuildFile; fileRef = 25886BED12B590CB00922500 /* KZPlaceViewController.mm */; };
		258140E012B529470016A410 /* KZPlacesLibrary.m in Sources */ = {isa = PBXBuildFile; fileRef = 258140DF12B529470016A410 /* KZPlacesLibrary.m */; };
		258140E612B5296C0016A410 /* KZPointsLibrary.m in Sources */ = {isa = PBXBuildFile; fileRef = 258140E512B5296C0016A410 /* KZPointsLibrary.m */; };
		2581D3C512BAFFBD009C5B35 /* NSBundle+Helpers.m in Sources */ = {isa = PBXBuildFile; fileRef = 2581D3C412BAFFBD009C5B35 /* NSBundle+Helpers.m */; };
		2581D49512BB0E69009C5B35 /* KZPoints.m in Sources */ = {isa = PBXBuildFile; fileRef = 2581D49412BB0E69009C5B35 /* KZPoints.m */; };
		2582DBD91312053A00798F47 /* tab-bar-icon-rewards.png in Resources */ = {isa = PBXBuildFile; fileRef = 2582DBD71312053A00798F47 /* tab-bar-icon-rewards.png */; };
		2582DBDA1312053A00798F47 /* tab-bar-icon-snap.png in Resources */ = {isa = PBXBuildFile; fileRef = 2582DBD81312053A00798F47 /* tab-bar-icon-snap.png */; };
		25886BA112B588D900922500 /* CoreLocation.framework in Frameworks */ = {isa = PBXBuildFile; fileRef = 25886BA012B588D900922500 /* CoreLocation.framework */; };
		258B182A13035EBB00411936 /* KZStamp.m in Sources */ = {isa = PBXBuildFile; fileRef = 258B182913035EBB00411936 /* KZStamp.m */; };
		258B633212B3E0C60097B572 /* KZURLRequest.m in Sources */ = {isa = PBXBuildFile; fileRef = 258B633112B3E0C60097B572 /* KZURLRequest.m */; };
		258B634512B3E7C50097B572 /* KZApplication.m in Sources */ = {isa = PBXBuildFile; fileRef = 258B634412B3E7C50097B572 /* KZApplication.m */; };
		2596DDBB13053540006D9585 /* stamp-punched.png in Resources */ = {isa = PBXBuildFile; fileRef = 2596DDB813053540006D9585 /* stamp-punched.png */; };
		2596DDBC13053540006D9585 /* stamp-unpunched.png in Resources */ = {isa = PBXBuildFile; fileRef = 2596DDB913053540006D9585 /* stamp-unpunched.png */; };
		2596DDBD13053540006D9585 /* stamp-star.png in Resources */ = {isa = PBXBuildFile; fileRef = 2596DDBA13053540006D9585 /* stamp-star.png */; };
		2598131D12DEB71400D81DBF /* CXMLDocument_CreationExtensions.m in Sources */ = {isa = PBXBuildFile; fileRef = 2598130412DEB71400D81DBF /* CXMLDocument_CreationExtensions.m */; };
		2598131E12DEB71400D81DBF /* CXMLNode_CreationExtensions.m in Sources */ = {isa = PBXBuildFile; fileRef = 2598130612DEB71400D81DBF /* CXMLNode_CreationExtensions.m */; };
		2598131F12DEB71400D81DBF /* CXMLDocument_PrivateExtensions.m in Sources */ = {isa = PBXBuildFile; fileRef = 2598130812DEB71400D81DBF /* CXMLDocument_PrivateExtensions.m */; };
		2598132012DEB71400D81DBF /* CXMLDocument.m in Sources */ = {isa = PBXBuildFile; fileRef = 2598130A12DEB71400D81DBF /* CXMLDocument.m */; };
		2598132112DEB71400D81DBF /* CXMLElement_CreationExtensions.m in Sources */ = {isa = PBXBuildFile; fileRef = 2598130C12DEB71400D81DBF /* CXMLElement_CreationExtensions.m */; };
		2598132212DEB71400D81DBF /* CXMLElement_ElementTreeExtensions.m in Sources */ = {isa = PBXBuildFile; fileRef = 2598130E12DEB71400D81DBF /* CXMLElement_ElementTreeExtensions.m */; };
		2598132312DEB71400D81DBF /* CXMLElement.m in Sources */ = {isa = PBXBuildFile; fileRef = 2598131012DEB71400D81DBF /* CXMLElement.m */; };
		2598132412DEB71400D81DBF /* CXMLNamespaceNode.m in Sources */ = {isa = PBXBuildFile; fileRef = 2598131212DEB71400D81DBF /* CXMLNamespaceNode.m */; };
		2598132512DEB71400D81DBF /* CXMLNode_PrivateExtensions.m in Sources */ = {isa = PBXBuildFile; fileRef = 2598131412DEB71400D81DBF /* CXMLNode_PrivateExtensions.m */; };
		2598132612DEB71400D81DBF /* CXMLNode_XPathExtensions.m in Sources */ = {isa = PBXBuildFile; fileRef = 2598131612DEB71400D81DBF /* CXMLNode_XPathExtensions.m */; };
		2598132712DEB71400D81DBF /* CXMLNode.m in Sources */ = {isa = PBXBuildFile; fileRef = 2598131812DEB71400D81DBF /* CXMLNode.m */; };
		2598132812DEB71400D81DBF /* CTidy.m in Sources */ = {isa = PBXBuildFile; fileRef = 2598131B12DEB71400D81DBF /* CTidy.m */; };
		2598137912DEBA2B00D81DBF /* CXMLElement+Helpers.m in Sources */ = {isa = PBXBuildFile; fileRef = 2598137812DEBA2B00D81DBF /* CXMLElement+Helpers.m */; };
		259BFAFE1303F53400D907FE /* KZPlaceInfoView.xib in Resources */ = {isa = PBXBuildFile; fileRef = 259BFAFD1303F53400D907FE /* KZPlaceInfoView.xib */; };
		259E424F12C83E3100B572DF /* KZRewardDetailViewController.m in Sources */ = {isa = PBXBuildFile; fileRef = 259E424E12C83E3100B572DF /* KZRewardDetailViewController.m */; };
		25BB32E812FF8440004CA36A /* background-card.png in Resources */ = {isa = PBXBuildFile; fileRef = 25BB32E712FF8440004CA36A /* background-card.png */; };
		25BB32EA12FF859C004CA36A /* background-points.png in Resources */ = {isa = PBXBuildFile; fileRef = 25BB32E912FF859C004CA36A /* background-points.png */; };
		25BB330712FF8CCE004CA36A /* KZStampView.m in Sources */ = {isa = PBXBuildFile; fileRef = 25BB330612FF8CCE004CA36A /* KZStampView.m */; };
		25E0E39C1305B6BB000BE77D /* button-snap.png in Resources */ = {isa = PBXBuildFile; fileRef = 25E0E39A1305B6BB000BE77D /* button-snap.png */; };
		25E0E39D1305B6BB000BE77D /* button-enjoy.png in Resources */ = {isa = PBXBuildFile; fileRef = 25E0E39B1305B6BB000BE77D /* button-enjoy.png */; };
		25E0E3B21305B94E000BE77D /* image-star.png in Resources */ = {isa = PBXBuildFile; fileRef = 25E0E3B11305B94E000BE77D /* image-star.png */; };
		25E0E3D21305BED2000BE77D /* KZPlaceInfoViewController.m in Sources */ = {isa = PBXBuildFile; fileRef = 25E0E3D11305BED2000BE77D /* KZPlaceInfoViewController.m */; };
		25F388D212ADAEE60080DEBF /* AudioToolbox.framework in Frameworks */ = {isa = PBXBuildFile; fileRef = 25F388D112ADAEE60080DEBF /* AudioToolbox.framework */; };
		25F388D612ADAF080080DEBF /* libiconv.dylib in Frameworks */ = {isa = PBXBuildFile; fileRef = 25F388D512ADAF080080DEBF /* libiconv.dylib */; };
		25F389AC12ADAF2E0080DEBF /* AVFoundation.framework in Frameworks */ = {isa = PBXBuildFile; fileRef = 25F389AB12ADAF2E0080DEBF /* AVFoundation.framework */; };
		25F389D912ADAF3F0080DEBF /* CoreVideo.framework in Frameworks */ = {isa = PBXBuildFile; fileRef = 25F389D812ADAF3F0080DEBF /* CoreVideo.framework */; };
		25F389F512ADAF880080DEBF /* CoreMedia.framework in Frameworks */ = {isa = PBXBuildFile; fileRef = 25F389F412ADAF880080DEBF /* CoreMedia.framework */; };
		25F389FE12ADAFE50080DEBF /* beep-beep.aiff in Resources */ = {isa = PBXBuildFile; fileRef = 25F389FD12ADAFE50080DEBF /* beep-beep.aiff */; };
		288765A50DF7441C002DB57D /* CoreGraphics.framework in Frameworks */ = {isa = PBXBuildFile; fileRef = 288765A40DF7441C002DB57D /* CoreGraphics.framework */; };
		28AD733F0D9D9553002E5188 /* MainWindow.xib in Resources */ = {isa = PBXBuildFile; fileRef = 28AD733E0D9D9553002E5188 /* MainWindow.xib */; };
/* End PBXBuildFile section */

/* Begin PBXContainerItemProxy section */
		253003101312153500EAC635 /* PBXContainerItemProxy */ = {
			isa = PBXContainerItemProxy;
			containerPortal = 253003091312153500EAC635 /* ZXingWidget.xcodeproj */;
			proxyType = 2;
			remoteGlobalIDString = D2AAC07E0554694100DB518D /* libZXingWidget.a */;
			remoteInfo = ZXingWidget;
		};
		25300329131215E300EAC635 /* PBXContainerItemProxy */ = {
			isa = PBXContainerItemProxy;
			containerPortal = 253003091312153500EAC635 /* ZXingWidget.xcodeproj */;
			proxyType = 1;
			remoteGlobalIDString = D2AAC07D0554694100DB518D /* ZXingWidget */;
			remoteInfo = ZXingWidget;
		};
/* End PBXContainerItemProxy section */

/* Begin PBXFileReference section */
		1D30AB110D05D00D00671497 /* Foundation.framework */ = {isa = PBXFileReference; lastKnownFileType = wrapper.framework; name = Foundation.framework; path = System/Library/Frameworks/Foundation.framework; sourceTree = SDKROOT; };
		1D3623240D0F684500981E51 /* KazdoorAppDelegate.h */ = {isa = PBXFileReference; fileEncoding = 4; lastKnownFileType = sourcecode.c.h; path = KazdoorAppDelegate.h; sourceTree = "<group>"; };
		1D3623250D0F684500981E51 /* KazdoorAppDelegate.m */ = {isa = PBXFileReference; fileEncoding = 4; lastKnownFileType = sourcecode.c.objc; path = KazdoorAppDelegate.m; sourceTree = "<group>"; };
		1D6058910D05DD3D006BFB54 /* Cashbery.app */ = {isa = PBXFileReference; explicitFileType = wrapper.application; includeInIndex = 0; path = Cashbery.app; sourceTree = BUILT_PRODUCTS_DIR; };
		1DF5F4DF0D08C38300B7A737 /* UIKit.framework */ = {isa = PBXFileReference; lastKnownFileType = wrapper.framework; name = UIKit.framework; path = System/Library/Frameworks/UIKit.framework; sourceTree = SDKROOT; };
		2505027512B564A200D69893 /* splash.png */ = {isa = PBXFileReference; lastKnownFileType = image.png; path = splash.png; sourceTree = "<group>"; };
		250C508F12BAC38A00C4A0C9 /* KZPlace.h */ = {isa = PBXFileReference; fileEncoding = 4; lastKnownFileType = sourcecode.c.h; path = KZPlace.h; sourceTree = "<group>"; };
		250C509012BAC38A00C4A0C9 /* KZPlace.m */ = {isa = PBXFileReference; fileEncoding = 4; lastKnownFileType = sourcecode.c.objc; path = KZPlace.m; sourceTree = "<group>"; };
		250C50FB12BACAD200C4A0C9 /* KZPlaceView.xib */ = {isa = PBXFileReference; lastKnownFileType = file.xib; path = KZPlaceView.xib; sourceTree = "<group>"; };
		250C51E312BAE18700C4A0C9 /* KZReward.h */ = {isa = PBXFileReference; fileEncoding = 4; lastKnownFileType = sourcecode.c.h; path = KZReward.h; sourceTree = "<group>"; };
		250C51E412BAE18700C4A0C9 /* KZReward.m */ = {isa = PBXFileReference; fileEncoding = 4; lastKnownFileType = sourcecode.c.objc; path = KZReward.m; sourceTree = "<group>"; };
		251EAB4E12B5380000CAD877 /* KZPlacesViewController.h */ = {isa = PBXFileReference; fileEncoding = 4; lastKnownFileType = sourcecode.c.h; path = KZPlacesViewController.h; sourceTree = "<group>"; };
		251EAB4F12B5380000CAD877 /* KZPlacesViewController.m */ = {isa = PBXFileReference; fileEncoding = 4; lastKnownFileType = sourcecode.c.objc; path = KZPlacesViewController.m; sourceTree = "<group>"; };
		251EAB5012B5380000CAD877 /* KZPlacesView.xib */ = {isa = PBXFileReference; lastKnownFileType = file.xib; path = KZPlacesView.xib; sourceTree = "<group>"; };
		253003091312153500EAC635 /* ZXingWidget.xcodeproj */ = {isa = PBXFileReference; lastKnownFileType = "wrapper.pb-project"; name = ZXingWidget.xcodeproj; path = "Dependencies/zxing-1.6/iphone/ZXingWidget/ZXingWidget.xcodeproj"; sourceTree = "<group>"; };
		258140DE12B529470016A410 /* KZPlacesLibrary.h */ = {isa = PBXFileReference; fileEncoding = 4; lastKnownFileType = sourcecode.c.h; path = KZPlacesLibrary.h; sourceTree = "<group>"; };
		258140DF12B529470016A410 /* KZPlacesLibrary.m */ = {isa = PBXFileReference; fileEncoding = 4; lastKnownFileType = sourcecode.c.objc; path = KZPlacesLibrary.m; sourceTree = "<group>"; };
		258140E412B5296C0016A410 /* KZPointsLibrary.h */ = {isa = PBXFileReference; fileEncoding = 4; lastKnownFileType = sourcecode.c.h; path = KZPointsLibrary.h; sourceTree = "<group>"; };
		258140E512B5296C0016A410 /* KZPointsLibrary.m */ = {isa = PBXFileReference; fileEncoding = 4; lastKnownFileType = sourcecode.c.objc; path = KZPointsLibrary.m; sourceTree = "<group>"; };
		2581D3C312BAFFBD009C5B35 /* NSBundle+Helpers.h */ = {isa = PBXFileReference; fileEncoding = 4; lastKnownFileType = sourcecode.c.h; path = "NSBundle+Helpers.h"; sourceTree = "<group>"; };
		2581D3C412BAFFBD009C5B35 /* NSBundle+Helpers.m */ = {isa = PBXFileReference; fileEncoding = 4; lastKnownFileType = sourcecode.c.objc; path = "NSBundle+Helpers.m"; sourceTree = "<group>"; };
		2581D49312BB0E69009C5B35 /* KZPoints.h */ = {isa = PBXFileReference; fileEncoding = 4; lastKnownFileType = sourcecode.c.h; path = KZPoints.h; sourceTree = "<group>"; };
		2581D49412BB0E69009C5B35 /* KZPoints.m */ = {isa = PBXFileReference; fileEncoding = 4; lastKnownFileType = sourcecode.c.objc; path = KZPoints.m; sourceTree = "<group>"; };
		2582DBD71312053A00798F47 /* tab-bar-icon-rewards.png */ = {isa = PBXFileReference; lastKnownFileType = image.png; path = "tab-bar-icon-rewards.png"; sourceTree = "<group>"; };
		2582DBD81312053A00798F47 /* tab-bar-icon-snap.png */ = {isa = PBXFileReference; lastKnownFileType = image.png; path = "tab-bar-icon-snap.png"; sourceTree = "<group>"; };
		25886BA012B588D900922500 /* CoreLocation.framework */ = {isa = PBXFileReference; lastKnownFileType = wrapper.framework; name = CoreLocation.framework; path = System/Library/Frameworks/CoreLocation.framework; sourceTree = SDKROOT; };
		25886BEC12B590CB00922500 /* KZPlaceViewController.h */ = {isa = PBXFileReference; fileEncoding = 4; lastKnownFileType = sourcecode.c.h; path = KZPlaceViewController.h; sourceTree = "<group>"; };
		25886BED12B590CB00922500 /* KZPlaceViewController.mm */ = {isa = PBXFileReference; fileEncoding = 4; lastKnownFileType = sourcecode.cpp.objcpp; path = KZPlaceViewController.mm; sourceTree = "<group>"; };
		258B182813035EBB00411936 /* KZStamp.h */ = {isa = PBXFileReference; fileEncoding = 4; lastKnownFileType = sourcecode.c.h; path = KZStamp.h; sourceTree = "<group>"; };
		258B182913035EBB00411936 /* KZStamp.m */ = {isa = PBXFileReference; fileEncoding = 4; lastKnownFileType = sourcecode.c.objc; path = KZStamp.m; sourceTree = "<group>"; };
		258B633012B3E0C60097B572 /* KZURLRequest.h */ = {isa = PBXFileReference; fileEncoding = 4; lastKnownFileType = sourcecode.c.h; path = KZURLRequest.h; sourceTree = "<group>"; };
		258B633112B3E0C60097B572 /* KZURLRequest.m */ = {isa = PBXFileReference; fileEncoding = 4; lastKnownFileType = sourcecode.c.objc; path = KZURLRequest.m; sourceTree = "<group>"; };
		258B634312B3E7C50097B572 /* KZApplication.h */ = {isa = PBXFileReference; fileEncoding = 4; lastKnownFileType = sourcecode.c.h; path = KZApplication.h; sourceTree = "<group>"; };
		258B634412B3E7C50097B572 /* KZApplication.m */ = {isa = PBXFileReference; fileEncoding = 4; lastKnownFileType = sourcecode.c.objc; path = KZApplication.m; sourceTree = "<group>"; };
		2596DDB813053540006D9585 /* stamp-punched.png */ = {isa = PBXFileReference; lastKnownFileType = image.png; path = "stamp-punched.png"; sourceTree = "<group>"; };
		2596DDB913053540006D9585 /* stamp-unpunched.png */ = {isa = PBXFileReference; lastKnownFileType = image.png; path = "stamp-unpunched.png"; sourceTree = "<group>"; };
		2596DDBA13053540006D9585 /* stamp-star.png */ = {isa = PBXFileReference; lastKnownFileType = image.png; path = "stamp-star.png"; sourceTree = "<group>"; };
		2598130312DEB71400D81DBF /* CXMLDocument_CreationExtensions.h */ = {isa = PBXFileReference; fileEncoding = 4; lastKnownFileType = sourcecode.c.h; path = CXMLDocument_CreationExtensions.h; sourceTree = "<group>"; };
		2598130412DEB71400D81DBF /* CXMLDocument_CreationExtensions.m */ = {isa = PBXFileReference; fileEncoding = 4; lastKnownFileType = sourcecode.c.objc; path = CXMLDocument_CreationExtensions.m; sourceTree = "<group>"; };
		2598130512DEB71400D81DBF /* CXMLNode_CreationExtensions.h */ = {isa = PBXFileReference; fileEncoding = 4; lastKnownFileType = sourcecode.c.h; path = CXMLNode_CreationExtensions.h; sourceTree = "<group>"; };
		2598130612DEB71400D81DBF /* CXMLNode_CreationExtensions.m */ = {isa = PBXFileReference; fileEncoding = 4; lastKnownFileType = sourcecode.c.objc; path = CXMLNode_CreationExtensions.m; sourceTree = "<group>"; };
		2598130712DEB71400D81DBF /* CXMLDocument_PrivateExtensions.h */ = {isa = PBXFileReference; fileEncoding = 4; lastKnownFileType = sourcecode.c.h; path = CXMLDocument_PrivateExtensions.h; sourceTree = "<group>"; };
		2598130812DEB71400D81DBF /* CXMLDocument_PrivateExtensions.m */ = {isa = PBXFileReference; fileEncoding = 4; lastKnownFileType = sourcecode.c.objc; path = CXMLDocument_PrivateExtensions.m; sourceTree = "<group>"; };
		2598130912DEB71400D81DBF /* CXMLDocument.h */ = {isa = PBXFileReference; fileEncoding = 4; lastKnownFileType = sourcecode.c.h; path = CXMLDocument.h; sourceTree = "<group>"; };
		2598130A12DEB71400D81DBF /* CXMLDocument.m */ = {isa = PBXFileReference; fileEncoding = 4; lastKnownFileType = sourcecode.c.objc; path = CXMLDocument.m; sourceTree = "<group>"; };
		2598130B12DEB71400D81DBF /* CXMLElement_CreationExtensions.h */ = {isa = PBXFileReference; fileEncoding = 4; lastKnownFileType = sourcecode.c.h; path = CXMLElement_CreationExtensions.h; sourceTree = "<group>"; };
		2598130C12DEB71400D81DBF /* CXMLElement_CreationExtensions.m */ = {isa = PBXFileReference; fileEncoding = 4; lastKnownFileType = sourcecode.c.objc; path = CXMLElement_CreationExtensions.m; sourceTree = "<group>"; };
		2598130D12DEB71400D81DBF /* CXMLElement_ElementTreeExtensions.h */ = {isa = PBXFileReference; fileEncoding = 4; lastKnownFileType = sourcecode.c.h; path = CXMLElement_ElementTreeExtensions.h; sourceTree = "<group>"; };
		2598130E12DEB71400D81DBF /* CXMLElement_ElementTreeExtensions.m */ = {isa = PBXFileReference; fileEncoding = 4; lastKnownFileType = sourcecode.c.objc; path = CXMLElement_ElementTreeExtensions.m; sourceTree = "<group>"; };
		2598130F12DEB71400D81DBF /* CXMLElement.h */ = {isa = PBXFileReference; fileEncoding = 4; lastKnownFileType = sourcecode.c.h; path = CXMLElement.h; sourceTree = "<group>"; };
		2598131012DEB71400D81DBF /* CXMLElement.m */ = {isa = PBXFileReference; fileEncoding = 4; lastKnownFileType = sourcecode.c.objc; path = CXMLElement.m; sourceTree = "<group>"; };
		2598131112DEB71400D81DBF /* CXMLNamespaceNode.h */ = {isa = PBXFileReference; fileEncoding = 4; lastKnownFileType = sourcecode.c.h; path = CXMLNamespaceNode.h; sourceTree = "<group>"; };
		2598131212DEB71400D81DBF /* CXMLNamespaceNode.m */ = {isa = PBXFileReference; fileEncoding = 4; lastKnownFileType = sourcecode.c.objc; path = CXMLNamespaceNode.m; sourceTree = "<group>"; };
		2598131312DEB71400D81DBF /* CXMLNode_PrivateExtensions.h */ = {isa = PBXFileReference; fileEncoding = 4; lastKnownFileType = sourcecode.c.h; path = CXMLNode_PrivateExtensions.h; sourceTree = "<group>"; };
		2598131412DEB71400D81DBF /* CXMLNode_PrivateExtensions.m */ = {isa = PBXFileReference; fileEncoding = 4; lastKnownFileType = sourcecode.c.objc; path = CXMLNode_PrivateExtensions.m; sourceTree = "<group>"; };
		2598131512DEB71400D81DBF /* CXMLNode_XPathExtensions.h */ = {isa = PBXFileReference; fileEncoding = 4; lastKnownFileType = sourcecode.c.h; path = CXMLNode_XPathExtensions.h; sourceTree = "<group>"; };
		2598131612DEB71400D81DBF /* CXMLNode_XPathExtensions.m */ = {isa = PBXFileReference; fileEncoding = 4; lastKnownFileType = sourcecode.c.objc; path = CXMLNode_XPathExtensions.m; sourceTree = "<group>"; };
		2598131712DEB71400D81DBF /* CXMLNode.h */ = {isa = PBXFileReference; fileEncoding = 4; lastKnownFileType = sourcecode.c.h; path = CXMLNode.h; sourceTree = "<group>"; };
		2598131812DEB71400D81DBF /* CXMLNode.m */ = {isa = PBXFileReference; fileEncoding = 4; lastKnownFileType = sourcecode.c.objc; path = CXMLNode.m; sourceTree = "<group>"; };
		2598131A12DEB71400D81DBF /* CTidy.h */ = {isa = PBXFileReference; fileEncoding = 4; lastKnownFileType = sourcecode.c.h; path = CTidy.h; sourceTree = "<group>"; };
		2598131B12DEB71400D81DBF /* CTidy.m */ = {isa = PBXFileReference; fileEncoding = 4; lastKnownFileType = sourcecode.c.objc; path = CTidy.m; sourceTree = "<group>"; };
		2598131C12DEB71400D81DBF /* TouchXML.h */ = {isa = PBXFileReference; fileEncoding = 4; lastKnownFileType = sourcecode.c.h; path = TouchXML.h; sourceTree = "<group>"; };
		2598137712DEBA2B00D81DBF /* CXMLElement+Helpers.h */ = {isa = PBXFileReference; fileEncoding = 4; lastKnownFileType = sourcecode.c.h; path = "CXMLElement+Helpers.h"; sourceTree = "<group>"; };
		2598137812DEBA2B00D81DBF /* CXMLElement+Helpers.m */ = {isa = PBXFileReference; fileEncoding = 4; lastKnownFileType = sourcecode.c.objc; path = "CXMLElement+Helpers.m"; sourceTree = "<group>"; };
		259BFAFD1303F53400D907FE /* KZPlaceInfoView.xib */ = {isa = PBXFileReference; lastKnownFileType = file.xib; path = KZPlaceInfoView.xib; sourceTree = "<group>"; };
		259E424D12C83E3100B572DF /* KZRewardDetailViewController.h */ = {isa = PBXFileReference; fileEncoding = 4; lastKnownFileType = sourcecode.c.h; path = KZRewardDetailViewController.h; sourceTree = "<group>"; };
		259E424E12C83E3100B572DF /* KZRewardDetailViewController.m */ = {isa = PBXFileReference; fileEncoding = 4; lastKnownFileType = sourcecode.c.objc; path = KZRewardDetailViewController.m; sourceTree = "<group>"; };
		25BB32E712FF8440004CA36A /* background-card.png */ = {isa = PBXFileReference; lastKnownFileType = image.png; path = "background-card.png"; sourceTree = "<group>"; };
		25BB32E912FF859C004CA36A /* background-points.png */ = {isa = PBXFileReference; lastKnownFileType = image.png; path = "background-points.png"; sourceTree = "<group>"; };
		25BB330512FF8CCE004CA36A /* KZStampView.h */ = {isa = PBXFileReference; fileEncoding = 4; lastKnownFileType = sourcecode.c.h; path = KZStampView.h; sourceTree = "<group>"; };
		25BB330612FF8CCE004CA36A /* KZStampView.m */ = {isa = PBXFileReference; fileEncoding = 4; lastKnownFileType = sourcecode.c.objc; path = KZStampView.m; sourceTree = "<group>"; };
		25E0E39A1305B6BB000BE77D /* button-snap.png */ = {isa = PBXFileReference; lastKnownFileType = image.png; path = "button-snap.png"; sourceTree = "<group>"; };
		25E0E39B1305B6BB000BE77D /* button-enjoy.png */ = {isa = PBXFileReference; lastKnownFileType = image.png; path = "button-enjoy.png"; sourceTree = "<group>"; };
		25E0E3B11305B94E000BE77D /* image-star.png */ = {isa = PBXFileReference; lastKnownFileType = image.png; path = "image-star.png"; sourceTree = "<group>"; };
		25E0E3D01305BED2000BE77D /* KZPlaceInfoViewController.h */ = {isa = PBXFileReference; fileEncoding = 4; lastKnownFileType = sourcecode.c.h; path = KZPlaceInfoViewController.h; sourceTree = "<group>"; };
		25E0E3D11305BED2000BE77D /* KZPlaceInfoViewController.m */ = {isa = PBXFileReference; fileEncoding = 4; lastKnownFileType = sourcecode.c.objc; path = KZPlaceInfoViewController.m; sourceTree = "<group>"; };
		25F388D112ADAEE60080DEBF /* AudioToolbox.framework */ = {isa = PBXFileReference; lastKnownFileType = wrapper.framework; name = AudioToolbox.framework; path = System/Library/Frameworks/AudioToolbox.framework; sourceTree = SDKROOT; };
		25F388D512ADAF080080DEBF /* libiconv.dylib */ = {isa = PBXFileReference; lastKnownFileType = "compiled.mach-o.dylib"; name = libiconv.dylib; path = usr/lib/libiconv.dylib; sourceTree = SDKROOT; };
		25F389AB12ADAF2E0080DEBF /* AVFoundation.framework */ = {isa = PBXFileReference; lastKnownFileType = wrapper.framework; name = AVFoundation.framework; path = System/Library/Frameworks/AVFoundation.framework; sourceTree = SDKROOT; };
		25F389D812ADAF3F0080DEBF /* CoreVideo.framework */ = {isa = PBXFileReference; lastKnownFileType = wrapper.framework; name = CoreVideo.framework; path = System/Library/Frameworks/CoreVideo.framework; sourceTree = SDKROOT; };
		25F389F412ADAF880080DEBF /* CoreMedia.framework */ = {isa = PBXFileReference; lastKnownFileType = wrapper.framework; name = CoreMedia.framework; path = System/Library/Frameworks/CoreMedia.framework; sourceTree = SDKROOT; };
		25F389FD12ADAFE50080DEBF /* beep-beep.aiff */ = {isa = PBXFileReference; lastKnownFileType = audio.aiff; path = "beep-beep.aiff"; sourceTree = "<group>"; };
		288765A40DF7441C002DB57D /* CoreGraphics.framework */ = {isa = PBXFileReference; lastKnownFileType = wrapper.framework; name = CoreGraphics.framework; path = System/Library/Frameworks/CoreGraphics.framework; sourceTree = SDKROOT; };
		28AD733E0D9D9553002E5188 /* MainWindow.xib */ = {isa = PBXFileReference; lastKnownFileType = file.xib; path = MainWindow.xib; sourceTree = "<group>"; };
		29B97316FDCFA39411CA2CEA /* main.m */ = {isa = PBXFileReference; fileEncoding = 4; lastKnownFileType = sourcecode.c.objc; path = main.m; sourceTree = "<group>"; };
		32CA4F630368D1EE00C91783 /* Cashbery_Prefix.pch */ = {isa = PBXFileReference; fileEncoding = 4; lastKnownFileType = sourcecode.c.h; path = Cashbery_Prefix.pch; sourceTree = "<group>"; };
		8D1107310486CEB800E47090 /* Cashbery-Info.plist */ = {isa = PBXFileReference; fileEncoding = 4; lastKnownFileType = text.plist.xml; path = "Cashbery-Info.plist"; plistStructureDefinitionIdentifier = "com.apple.xcode.plist.structure-definition.iphone.info-plist"; sourceTree = "<group>"; };
/* End PBXFileReference section */

/* Begin PBXFrameworksBuildPhase section */
		1D60588F0D05DD3D006BFB54 /* Frameworks */ = {
			isa = PBXFrameworksBuildPhase;
			buildActionMask = 2147483647;
			files = (
				1D60589F0D05DD5A006BFB54 /* Foundation.framework in Frameworks */,
				1DF5F4E00D08C38300B7A737 /* UIKit.framework in Frameworks */,
				288765A50DF7441C002DB57D /* CoreGraphics.framework in Frameworks */,
				25F388D212ADAEE60080DEBF /* AudioToolbox.framework in Frameworks */,
				25F388D612ADAF080080DEBF /* libiconv.dylib in Frameworks */,
				25F389AC12ADAF2E0080DEBF /* AVFoundation.framework in Frameworks */,
				25F389D912ADAF3F0080DEBF /* CoreVideo.framework in Frameworks */,
				25F389F512ADAF880080DEBF /* CoreMedia.framework in Frameworks */,
				25886BA112B588D900922500 /* CoreLocation.framework in Frameworks */,
				253003311312167D00EAC635 /* libZXingWidget.a in Frameworks */,
			);
			runOnlyForDeploymentPostprocessing = 0;
		};
/* End PBXFrameworksBuildPhase section */

/* Begin PBXGroup section */
		080E96DDFE201D6D7F000001 /* Classes */ = {
			isa = PBXGroup;
			children = (
				258B62E112B3D2CD0097B572 /* AppDelegate */,
				258B62D712B3D2900097B572 /* Controllers */,
				258B633512B3E52E0097B572 /* Domain */,
				258B632D12B3D96F0097B572 /* Helpers */,
				2575853312B5730A003E6D96 /* Models */,
				250C522212BAE44600C4A0C9 /* Views */,
			);
			path = Classes;
			sourceTree = "<group>";
		};
		19C28FACFE9D520D11CA2CBB /* Products */ = {
			isa = PBXGroup;
			children = (
				1D6058910D05DD3D006BFB54 /* Cashbery.app */,
			);
			name = Products;
			sourceTree = "<group>";
		};
		250C522212BAE44600C4A0C9 /* Views */ = {
			isa = PBXGroup;
			children = (
				25BB330512FF8CCE004CA36A /* KZStampView.h */,
				25BB330612FF8CCE004CA36A /* KZStampView.m */,
			);
			path = Views;
			sourceTree = "<group>";
		};
		2530030A1312153500EAC635 /* Products */ = {
			isa = PBXGroup;
			children = (
				253003111312153500EAC635 /* libZXingWidget.a */,
			);
			name = Products;
			sourceTree = "<group>";
		};
		2575853312B5730A003E6D96 /* Models */ = {
			isa = PBXGroup;
			children = (
				250C508F12BAC38A00C4A0C9 /* KZPlace.h */,
				250C509012BAC38A00C4A0C9 /* KZPlace.m */,
				2581D49312BB0E69009C5B35 /* KZPoints.h */,
				2581D49412BB0E69009C5B35 /* KZPoints.m */,
				250C51E312BAE18700C4A0C9 /* KZReward.h */,
				250C51E412BAE18700C4A0C9 /* KZReward.m */,
				258B182813035EBB00411936 /* KZStamp.h */,
				258B182913035EBB00411936 /* KZStamp.m */,
			);
			path = Models;
			sourceTree = "<group>";
		};
		258B62D712B3D2900097B572 /* Controllers */ = {
			isa = PBXGroup;
			children = (
				25E0E3D01305BED2000BE77D /* KZPlaceInfoViewController.h */,
				25E0E3D11305BED2000BE77D /* KZPlaceInfoViewController.m */,
				251EAB4E12B5380000CAD877 /* KZPlacesViewController.h */,
				251EAB4F12B5380000CAD877 /* KZPlacesViewController.m */,
				25886BEC12B590CB00922500 /* KZPlaceViewController.h */,
				25886BED12B590CB00922500 /* KZPlaceViewController.mm */,
				259E424D12C83E3100B572DF /* KZRewardDetailViewController.h */,
				259E424E12C83E3100B572DF /* KZRewardDetailViewController.m */,
			);
			path = Controllers;
			sourceTree = "<group>";
		};
		258B62E112B3D2CD0097B572 /* AppDelegate */ = {
			isa = PBXGroup;
			children = (
				1D3623240D0F684500981E51 /* KazdoorAppDelegate.h */,
				1D3623250D0F684500981E51 /* KazdoorAppDelegate.m */,
			);
			path = AppDelegate;
			sourceTree = "<group>";
		};
		258B62E512B3D2F20097B572 /* NIBs */ = {
			isa = PBXGroup;
			children = (
				251EAB5012B5380000CAD877 /* KZPlacesView.xib */,
				250C50FB12BACAD200C4A0C9 /* KZPlaceView.xib */,
				259BFAFD1303F53400D907FE /* KZPlaceInfoView.xib */,
				28AD733E0D9D9553002E5188 /* MainWindow.xib */,
			);
			path = NIBs;
			sourceTree = "<group>";
		};
		258B62E712B3D3010097B572 /* Sounds */ = {
			isa = PBXGroup;
			children = (
				25F389FD12ADAFE50080DEBF /* beep-beep.aiff */,
			);
			path = Sounds;
			sourceTree = "<group>";
		};
		258B62FC12B3D3CA0097B572 /* Images */ = {
			isa = PBXGroup;
			children = (
				2596DDB813053540006D9585 /* stamp-punched.png */,
				2596DDB913053540006D9585 /* stamp-unpunched.png */,
				2596DDBA13053540006D9585 /* stamp-star.png */,
				25E0E39A1305B6BB000BE77D /* button-snap.png */,
				25E0E3B11305B94E000BE77D /* image-star.png */,
				2582DBD71312053A00798F47 /* tab-bar-icon-rewards.png */,
				2582DBD81312053A00798F47 /* tab-bar-icon-snap.png */,
				25E0E39B1305B6BB000BE77D /* button-enjoy.png */,
				2505027512B564A200D69893 /* splash.png */,
				25BB32E912FF859C004CA36A /* background-points.png */,
				25BB32E712FF8440004CA36A /* background-card.png */,
			);
			path = Images;
			sourceTree = "<group>";
		};
		258B632D12B3D96F0097B572 /* Helpers */ = {
			isa = PBXGroup;
			children = (
				258B633012B3E0C60097B572 /* KZURLRequest.h */,
				258B633112B3E0C60097B572 /* KZURLRequest.m */,
				2581D3C312BAFFBD009C5B35 /* NSBundle+Helpers.h */,
				2581D3C412BAFFBD009C5B35 /* NSBundle+Helpers.m */,
				2598137712DEBA2B00D81DBF /* CXMLElement+Helpers.h */,
				2598137812DEBA2B00D81DBF /* CXMLElement+Helpers.m */,
			);
			path = Helpers;
			sourceTree = "<group>";
		};
		258B633512B3E52E0097B572 /* Domain */ = {
			isa = PBXGroup;
			children = (
				258B634312B3E7C50097B572 /* KZApplication.h */,
				258B634412B3E7C50097B572 /* KZApplication.m */,
				258140DE12B529470016A410 /* KZPlacesLibrary.h */,
				258140DF12B529470016A410 /* KZPlacesLibrary.m */,
				258140E412B5296C0016A410 /* KZPointsLibrary.h */,
				258140E512B5296C0016A410 /* KZPointsLibrary.m */,
			);
			path = Domain;
			sourceTree = "<group>";
		};
		259812AF12DEB3B300D81DBF /* Libraries */ = {
			isa = PBXGroup;
			children = (
				259812B312DEB56A00D81DBF /* touchXML */,
			);
			path = Libraries;
			sourceTree = "<group>";
		};
		259812B312DEB56A00D81DBF /* touchXML */ = {
			isa = PBXGroup;
			children = (
				2598130912DEB71400D81DBF /* CXMLDocument.h */,
				2598130A12DEB71400D81DBF /* CXMLDocument.m */,
				2598130712DEB71400D81DBF /* CXMLDocument_PrivateExtensions.h */,
				2598130812DEB71400D81DBF /* CXMLDocument_PrivateExtensions.m */,
				2598130F12DEB71400D81DBF /* CXMLElement.h */,
				2598131012DEB71400D81DBF /* CXMLElement.m */,
				2598130B12DEB71400D81DBF /* CXMLElement_CreationExtensions.h */,
				2598130C12DEB71400D81DBF /* CXMLElement_CreationExtensions.m */,
				2598130D12DEB71400D81DBF /* CXMLElement_ElementTreeExtensions.h */,
				2598130E12DEB71400D81DBF /* CXMLElement_ElementTreeExtensions.m */,
				2598131112DEB71400D81DBF /* CXMLNamespaceNode.h */,
				2598131212DEB71400D81DBF /* CXMLNamespaceNode.m */,
				2598131712DEB71400D81DBF /* CXMLNode.h */,
				2598131812DEB71400D81DBF /* CXMLNode.m */,
				2598131312DEB71400D81DBF /* CXMLNode_PrivateExtensions.h */,
				2598131412DEB71400D81DBF /* CXMLNode_PrivateExtensions.m */,
				2598131512DEB71400D81DBF /* CXMLNode_XPathExtensions.h */,
				2598131612DEB71400D81DBF /* CXMLNode_XPathExtensions.m */,
				2598131C12DEB71400D81DBF /* TouchXML.h */,
				2598130212DEB71400D81DBF /* Creation */,
				2598131912DEB71400D81DBF /* Tidy */,
			);
			path = touchXML;
			sourceTree = "<group>";
		};
		2598130212DEB71400D81DBF /* Creation */ = {
			isa = PBXGroup;
			children = (
				2598130312DEB71400D81DBF /* CXMLDocument_CreationExtensions.h */,
				2598130412DEB71400D81DBF /* CXMLDocument_CreationExtensions.m */,
				2598130512DEB71400D81DBF /* CXMLNode_CreationExtensions.h */,
				2598130612DEB71400D81DBF /* CXMLNode_CreationExtensions.m */,
			);
			path = Creation;
			sourceTree = "<group>";
		};
		2598131912DEB71400D81DBF /* Tidy */ = {
			isa = PBXGroup;
			children = (
				2598131A12DEB71400D81DBF /* CTidy.h */,
				2598131B12DEB71400D81DBF /* CTidy.m */,
			);
			path = Tidy;
			sourceTree = "<group>";
		};
		25F3880612ADABBD0080DEBF /* Dependencies */ = {
			isa = PBXGroup;
			children = (
				253003091312153500EAC635 /* ZXingWidget.xcodeproj */,
			);
			name = Dependencies;
			sourceTree = "<group>";
		};
		29B97314FDCFA39411CA2CEA /* CustomTemplate */ = {
			isa = PBXGroup;
			children = (
				080E96DDFE201D6D7F000001 /* Classes */,
				29B97317FDCFA39411CA2CEA /* Resources */,
				25F3880612ADABBD0080DEBF /* Dependencies */,
				29B97315FDCFA39411CA2CEA /* Other Sources */,
				29B97323FDCFA39411CA2CEA /* Frameworks */,
				19C28FACFE9D520D11CA2CBB /* Products */,
				8D1107310486CEB800E47090 /* Cashbery-Info.plist */,
			);
			name = CustomTemplate;
			sourceTree = "<group>";
		};
		29B97315FDCFA39411CA2CEA /* Other Sources */ = {
			isa = PBXGroup;
			children = (
				32CA4F630368D1EE00C91783 /* Cashbery_Prefix.pch */,
				29B97316FDCFA39411CA2CEA /* main.m */,
			);
			name = "Other Sources";
			sourceTree = "<group>";
		};
		29B97317FDCFA39411CA2CEA /* Resources */ = {
			isa = PBXGroup;
			children = (
				259812AF12DEB3B300D81DBF /* Libraries */,
				258B62FC12B3D3CA0097B572 /* Images */,
				258B62E512B3D2F20097B572 /* NIBs */,
				258B62E712B3D3010097B572 /* Sounds */,
			);
			path = Resources;
			sourceTree = "<group>";
		};
		29B97323FDCFA39411CA2CEA /* Frameworks */ = {
			isa = PBXGroup;
			children = (
				1DF5F4DF0D08C38300B7A737 /* UIKit.framework */,
				1D30AB110D05D00D00671497 /* Foundation.framework */,
				288765A40DF7441C002DB57D /* CoreGraphics.framework */,
				25F388D112ADAEE60080DEBF /* AudioToolbox.framework */,
				25F388D512ADAF080080DEBF /* libiconv.dylib */,
				25F389AB12ADAF2E0080DEBF /* AVFoundation.framework */,
				25F389D812ADAF3F0080DEBF /* CoreVideo.framework */,
				25F389F412ADAF880080DEBF /* CoreMedia.framework */,
				25886BA012B588D900922500 /* CoreLocation.framework */,
			);
			name = Frameworks;
			sourceTree = "<group>";
		};
/* End PBXGroup section */

/* Begin PBXNativeTarget section */
		1D6058900D05DD3D006BFB54 /* Cashbery */ = {
			isa = PBXNativeTarget;
			buildConfigurationList = 1D6058960D05DD3E006BFB54 /* Build configuration list for PBXNativeTarget "Cashbery" */;
			buildPhases = (
				1D60588D0D05DD3D006BFB54 /* Resources */,
				1D60588E0D05DD3D006BFB54 /* Sources */,
				1D60588F0D05DD3D006BFB54 /* Frameworks */,
			);
			buildRules = (
			);
			dependencies = (
				2530032A131215E300EAC635 /* PBXTargetDependency */,
			);
			name = Cashbery;
			productName = Kazdoor;
			productReference = 1D6058910D05DD3D006BFB54 /* Cashbery.app */;
			productType = "com.apple.product-type.application";
		};
/* End PBXNativeTarget section */

/* Begin PBXProject section */
		29B97313FDCFA39411CA2CEA /* Project object */ = {
			isa = PBXProject;
			buildConfigurationList = C01FCF4E08A954540054247B /* Build configuration list for PBXProject "Cashbery" */;
			compatibilityVersion = "Xcode 3.1";
			developmentRegion = English;
			hasScannedForEncodings = 1;
			knownRegions = (
				English,
				Japanese,
				French,
				German,
			);
			mainGroup = 29B97314FDCFA39411CA2CEA /* CustomTemplate */;
			projectDirPath = "";
			projectReferences = (
				{
					ProductGroup = 2530030A1312153500EAC635 /* Products */;
					ProjectRef = 253003091312153500EAC635 /* ZXingWidget.xcodeproj */;
				},
			);
			projectRoot = "";
			targets = (
				1D6058900D05DD3D006BFB54 /* Cashbery */,
			);
		};
/* End PBXProject section */

/* Begin PBXReferenceProxy section */
		253003111312153500EAC635 /* libZXingWidget.a */ = {
			isa = PBXReferenceProxy;
			fileType = archive.ar;
			path = libZXingWidget.a;
			remoteRef = 253003101312153500EAC635 /* PBXContainerItemProxy */;
			sourceTree = BUILT_PRODUCTS_DIR;
		};
/* End PBXReferenceProxy section */

/* Begin PBXResourcesBuildPhase section */
		1D60588D0D05DD3D006BFB54 /* Resources */ = {
			isa = PBXResourcesBuildPhase;
			buildActionMask = 2147483647;
			files = (
				28AD733F0D9D9553002E5188 /* MainWindow.xib in Resources */,
				25F389FE12ADAFE50080DEBF /* beep-beep.aiff in Resources */,
				251EAB5212B5380000CAD877 /* KZPlacesView.xib in Resources */,
				2505027612B564A200D69893 /* splash.png in Resources */,
				250C50FC12BACAD200C4A0C9 /* KZPlaceView.xib in Resources */,
				25BB32E812FF8440004CA36A /* background-card.png in Resources */,
				25BB32EA12FF859C004CA36A /* background-points.png in Resources */,
				259BFAFE1303F53400D907FE /* KZPlaceInfoView.xib in Resources */,
				2596DDBB13053540006D9585 /* stamp-punched.png in Resources */,
				2596DDBC13053540006D9585 /* stamp-unpunched.png in Resources */,
				2596DDBD13053540006D9585 /* stamp-star.png in Resources */,
				25E0E39C1305B6BB000BE77D /* button-snap.png in Resources */,
				25E0E39D1305B6BB000BE77D /* button-enjoy.png in Resources */,
				25E0E3B21305B94E000BE77D /* image-star.png in Resources */,
				2582DBD91312053A00798F47 /* tab-bar-icon-rewards.png in Resources */,
				2582DBDA1312053A00798F47 /* tab-bar-icon-snap.png in Resources */,
			);
			runOnlyForDeploymentPostprocessing = 0;
		};
/* End PBXResourcesBuildPhase section */

/* Begin PBXSourcesBuildPhase section */
		1D60588E0D05DD3D006BFB54 /* Sources */ = {
			isa = PBXSourcesBuildPhase;
			buildActionMask = 2147483647;
			files = (
				1D60589B0D05DD56006BFB54 /* main.m in Sources */,
				1D3623260D0F684500981E51 /* KazdoorAppDelegate.m in Sources */,
				258B633212B3E0C60097B572 /* KZURLRequest.m in Sources */,
				258B634512B3E7C50097B572 /* KZApplication.m in Sources */,
				258140E012B529470016A410 /* KZPlacesLibrary.m in Sources */,
				258140E612B5296C0016A410 /* KZPointsLibrary.m in Sources */,
				251EAB5112B5380000CAD877 /* KZPlacesViewController.m in Sources */,
				257E83DD12BABDE200D45F17 /* KZPlaceViewController.mm in Sources */,
				250C509112BAC38A00C4A0C9 /* KZPlace.m in Sources */,
				250C51E512BAE18700C4A0C9 /* KZReward.m in Sources */,
				2581D3C512BAFFBD009C5B35 /* NSBundle+Helpers.m in Sources */,
				2581D49512BB0E69009C5B35 /* KZPoints.m in Sources */,
				259E424F12C83E3100B572DF /* KZRewardDetailViewController.m in Sources */,
				2598131D12DEB71400D81DBF /* CXMLDocument_CreationExtensions.m in Sources */,
				2598131E12DEB71400D81DBF /* CXMLNode_CreationExtensions.m in Sources */,
				2598131F12DEB71400D81DBF /* CXMLDocument_PrivateExtensions.m in Sources */,
				2598132012DEB71400D81DBF /* CXMLDocument.m in Sources */,
				2598132112DEB71400D81DBF /* CXMLElement_CreationExtensions.m in Sources */,
				2598132212DEB71400D81DBF /* CXMLElement_ElementTreeExtensions.m in Sources */,
				2598132312DEB71400D81DBF /* CXMLElement.m in Sources */,
				2598132412DEB71400D81DBF /* CXMLNamespaceNode.m in Sources */,
				2598132512DEB71400D81DBF /* CXMLNode_PrivateExtensions.m in Sources */,
				2598132612DEB71400D81DBF /* CXMLNode_XPathExtensions.m in Sources */,
				2598132712DEB71400D81DBF /* CXMLNode.m in Sources */,
				2598132812DEB71400D81DBF /* CTidy.m in Sources */,
				2598137912DEBA2B00D81DBF /* CXMLElement+Helpers.m in Sources */,
				25BB330712FF8CCE004CA36A /* KZStampView.m in Sources */,
				258B182A13035EBB00411936 /* KZStamp.m in Sources */,
				25E0E3D21305BED2000BE77D /* KZPlaceInfoViewController.m in Sources */,
			);
			runOnlyForDeploymentPostprocessing = 0;
		};
/* End PBXSourcesBuildPhase section */

/* Begin PBXTargetDependency section */
		2530032A131215E300EAC635 /* PBXTargetDependency */ = {
			isa = PBXTargetDependency;
			name = ZXingWidget;
			targetProxy = 25300329131215E300EAC635 /* PBXContainerItemProxy */;
		};
/* End PBXTargetDependency section */

/* Begin XCBuildConfiguration section */
		1D6058940D05DD3E006BFB54 /* Debug */ = {
			isa = XCBuildConfiguration;
			buildSettings = {
				ALWAYS_SEARCH_USER_PATHS = NO;
				COPY_PHASE_STRIP = NO;
				GCC_DYNAMIC_NO_PIC = NO;
				GCC_OPTIMIZATION_LEVEL = 0;
				GCC_PRECOMPILE_PREFIX_HEADER = YES;
				GCC_PREFIX_HEADER = Cashbery_Prefix.pch;
				INFOPLIST_FILE = "Cashbery-Info.plist";
				PRODUCT_NAME = Cashbery;
			};
			name = Debug;
		};
		1D6058950D05DD3E006BFB54 /* Release */ = {
			isa = XCBuildConfiguration;
			buildSettings = {
				ALWAYS_SEARCH_USER_PATHS = NO;
				COPY_PHASE_STRIP = YES;
				GCC_PRECOMPILE_PREFIX_HEADER = YES;
				GCC_PREFIX_HEADER = Cashbery_Prefix.pch;
				INFOPLIST_FILE = "Cashbery-Info.plist";
				PRODUCT_NAME = Cashbery;
				VALIDATE_PRODUCT = YES;
			};
			name = Release;
		};
		C01FCF4F08A954540054247B /* Debug */ = {
			isa = XCBuildConfiguration;
			buildSettings = {
				ARCHS = "$(ARCHS_STANDARD_32_BIT)";
				"CODE_SIGN_IDENTITY[sdk=iphoneos*]" = "iPhone Developer: Rami Khawandi (5P2U2Y8B4V)";
				GCC_C_LANGUAGE_STANDARD = c99;
				GCC_WARN_ABOUT_RETURN_TYPE = YES;
				GCC_WARN_UNUSED_VARIABLE = YES;
				HEADER_SEARCH_PATHS = (
					"Dependencies/zxing-1.6/cpp/core/src",
					"Dependencies/zxing-1.6/iphone/ZXingWidget/Classes/**",
					/usr/include/libxml2,
				);
				IPHONEOS_DEPLOYMENT_TARGET = 3.0;
				OTHER_LDFLAGS = "-lxml2";
				PREBINDING = NO;
				"PROVISIONING_PROFILE[sdk=iphoneos*]" = "38103251-6A9E-4DDF-9755-9EC09C8A0ED1";
				SDKROOT = iphoneos;
			};
			name = Debug;
		};
		C01FCF5008A954540054247B /* Release */ = {
			isa = XCBuildConfiguration;
			buildSettings = {
				ARCHS = "$(ARCHS_STANDARD_32_BIT)";
				"CODE_SIGN_IDENTITY[sdk=iphoneos*]" = "iPhone Distribution: Kazdoor";
				GCC_C_LANGUAGE_STANDARD = c99;
				GCC_WARN_ABOUT_RETURN_TYPE = YES;
				GCC_WARN_UNUSED_VARIABLE = YES;
				HEADER_SEARCH_PATHS = (
					"Dependencies/zxing-1.6/cpp/core/src",
					"Dependencies/zxing-1.6/iphone/ZXingWidget/Classes/**",
					/usr/include/libxml2,
				);
				IPHONEOS_DEPLOYMENT_TARGET = 3.0;
				OTHER_CFLAGS = "-DNS_BLOCK_ASSERTIONS=1";
				OTHER_LDFLAGS = "-lxml2";
				PREBINDING = NO;
				"PROVISIONING_PROFILE[sdk=iphoneos*]" = "4D183A92-3281-44CB-95D0-2E98E980E843";
				SDKROOT = iphoneos;
			};
			name = Release;
		};
/* End XCBuildConfiguration section */

/* Begin XCConfigurationList section */
		1D6058960D05DD3E006BFB54 /* Build configuration list for PBXNativeTarget "Cashbery" */ = {
			isa = XCConfigurationList;
			buildConfigurations = (
				1D6058940D05DD3E006BFB54 /* Debug */,
				1D6058950D05DD3E006BFB54 /* Release */,
			);
			defaultConfigurationIsVisible = 0;
			defaultConfigurationName = Release;
		};
		C01FCF4E08A954540054247B /* Build configuration list for PBXProject "Cashbery" */ = {
			isa = XCConfigurationList;
			buildConfigurations = (
				C01FCF4F08A954540054247B /* Debug */,
				C01FCF5008A954540054247B /* Release */,
			);
			defaultConfigurationIsVisible = 0;
			defaultConfigurationName = Release;
		};
/* End XCConfigurationList section */
	};
	rootObject = 29B97313FDCFA39411CA2CEA /* Project object */;
}
